
Microsoft Visual Studio Solution File, Format Version 12.00
# Visual Studio Version 16
VisualStudioVersion = 16.0.31005.135
MinimumVisualStudioVersion = 10.0.40219.1
Project("{FAE04EC0-301F-11D3-BF4B-00C04F79EFBC}") = "FrontEndRequest", "FrontEndRequest\FrontEndRequest.csproj", "{3128478D-B6B1-4B7E-A4C2-0D81DC5A142E}"
EndProject
Global
	GlobalSection(SolutionConfigurationPlatforms) = preSolution
		Debug|Any CPU = Debug|Any CPU
		Release|Any CPU = Release|Any CPU
	EndGlobalSection
	GlobalSection(ProjectConfigurationPlatforms) = postSolution
		{3128478D-B6B1-4B7E-A4C2-0D81DC5A142E}.Debug|Any CPU.ActiveCfg = Debug|Any CPU
		{3128478D-B6B1-4B7E-A4C2-0D81DC5A142E}.Debug|Any CPU.Build.0 = Debug|Any CPU
		{3128478D-B6B1-4B7E-A4C2-0D81DC5A142E}.Release|Any CPU.ActiveCfg = Release|Any CPU
		{3128478D-B6B1-4B7E-A4C2-0D81DC5A142E}.Release|Any CPU.Build.0 = Release|Any CPU
	EndGlobalSection
	GlobalSection(SolutionProperties) = preSolution
		HideSolutionNode = FALSE
	EndGlobalSection
	GlobalSection(ExtensibilityGlobals) = postSolution
		SolutionGuid = {D6A5DB7C-D059-44C8-95E9-AB227077837B}
	EndGlobalSection
EndGlobal
